{
  "version": 4,
  "terraform_version": "1.8.0",
  "serial": 6,
  "lineage": "036647fc-f653-56eb-8819-7c84472f7805",
  "outputs": {
    "number_output": {
      "value": 19,
      "type": "number"
    }
  },
  "resources": [
    {
      "mode": "managed",
      "type": "random_integer",
      "name": "number",
      "provider": "provider[\"registry.terraform.io/hashicorp/random\"]",
      "instances": [
        {
          "schema_version": 0,
          "attributes": {
            "id": "19",
            "keepers": null,
            "max": 100,
            "min": 1,
            "result": 19,
            "seed": null
          },
          "sensitive_attributes": []
        }
      ]
    }
  ],
  "check_results": null
}
