{
  "version": 4,
  "terraform_version": "1.8.0",
  "serial": 3,
  "lineage": "6c8c41b9-9972-edf0-e0fa-15be2210ea9d",
  "outputs": {},
  "resources": [
    {
      "mode": "managed",
      "type": "local_file",
      "name": "file",
      "provider": "provider[\"registry.terraform.io/hashicorp/local\"]",
      "instances": [
        {
          "schema_version": 0,
          "attributes": {
            "content": "Hello Terraform!",
            "content_base64": null,
            "content_base64sha256": "v8QLUNM6u1k78n+wiKLCZtrIbYBHjZe7qgLoH7rpG1s=",
            "content_base64sha512": "dfD2QCkQ+kAAjpwsO8l2vilOEzGPPaLvz3BO/egtmBH+WU5aixLgXWJsV6/x0KsXwxvNBSmVnByf0aQCAX9Eaw==",
            "content_md5": "880b1e0ff26b92ef422c6cb676af2566",
            "content_sha1": "371aae854f336b541fd8bc75b6e6c8d6ba56d10a",
            "content_sha256": "bfc40b50d33abb593bf27fb088a2c266dac86d80478d97bbaa02e81fbae91b5b",
            "content_sha512": "75f0f6402910fa40008e9c2c3bc976be294e13318f3da2efcf704efde82d9811fe594e5a8b12e05d626c57aff1d0ab17c31bcd0529959c1c9fd1a402017f446b",
            "directory_permission": "0644",
            "file_permission": "0644",
            "filename": "./vqkybzwpsi.txt",
            "id": "371aae854f336b541fd8bc75b6e6c8d6ba56d10a",
            "sensitive_content": null,
            "source": null
          },
          "sensitive_attributes": [
            [
              {
                "type": "get_attr",
                "value": "sensitive_content"
              }
            ]
          ],
          "dependencies": [
            "random_string.file_name"
          ]
        }
      ]
    },
    {
      "mode": "managed",
      "type": "random_string",
      "name": "file_name",
      "provider": "provider[\"registry.terraform.io/hashicorp/random\"]",
      "instances": [
        {
          "schema_version": 2,
          "attributes": {
            "id": "vqkybzwpsi",
            "keepers": null,
            "length": 10,
            "lower": true,
            "min_lower": 0,
            "min_numeric": 0,
            "min_special": 0,
            "min_upper": 0,
            "number": false,
            "numeric": false,
            "override_special": null,
            "result": "vqkybzwpsi",
            "special": false,
            "upper": false
          },
          "sensitive_attributes": []
        }
      ]
    }
  ],
  "check_results": null
}
